
Microsoft Visual Studio Solution File, Format Version 12.00
# Visual Studio 2012
Project("{FAE04EC0-301F-11D3-BF4B-00C04F79EFBC}") = "LocalSearchEngine", "LocalSearchEngine\LocalSearchEngine.csproj", "{97DFDF44-1D0E-465D-9B5E-4E92DA3979B4}"
EndProject
Project("{FAE04EC0-301F-11D3-BF4B-00C04F79EFBC}") = "hOOt", "hOOt\hOOt.csproj", "{0501ECE9-1E6B-449E-B45A-018C9516BB3D}"
EndProject
Global
	GlobalSection(SolutionConfigurationPlatforms) = preSolution
		Debug|Any CPU = Debug|Any CPU
		Release|Any CPU = Release|Any CPU
	EndGlobalSection
	GlobalSection(ProjectConfigurationPlatforms) = postSolution
		{97DFDF44-1D0E-465D-9B5E-4E92DA3979B4}.Debug|Any CPU.ActiveCfg = Debug|Any CPU
		{97DFDF44-1D0E-465D-9B5E-4E92DA3979B4}.Debug|Any CPU.Build.0 = Debug|Any CPU
		{97DFDF44-1D0E-465D-9B5E-4E92DA3979B4}.Release|Any CPU.ActiveCfg = Release|Any CPU
		{97DFDF44-1D0E-465D-9B5E-4E92DA3979B4}.Release|Any CPU.Build.0 = Release|Any CPU
		{0501ECE9-1E6B-449E-B45A-018C9516BB3D}.Debug|Any CPU.ActiveCfg = Debug|Any CPU
		{0501ECE9-1E6B-449E-B45A-018C9516BB3D}.Debug|Any CPU.Build.0 = Debug|Any CPU
		{0501ECE9-1E6B-449E-B45A-018C9516BB3D}.Release|Any CPU.ActiveCfg = Release|Any CPU
		{0501ECE9-1E6B-449E-B45A-018C9516BB3D}.Release|Any CPU.Build.0 = Release|Any CPU
	EndGlobalSection
EndGlobal
